
Microsoft Visual Studio Solution File, Format Version 12.00
# Visual Studio Version 16
VisualStudioVersion = 16.0.29806.167
MinimumVisualStudioVersion = 10.0.40219.1
Project("{8BC9CEB8-8B4A-11D0-8D11-00A0C91BC942}") = "DinamicStruct_Queue_Stack", "DinamicStruct_Queue_Stack.vcxproj", "{FAC66036-FE46-4C7D-94C5-0CDC82E206EF}"
EndProject
Global
	GlobalSection(SolutionConfigurationPlatforms) = preSolution
		Debug|x64 = Debug|x64
		Debug|x86 = Debug|x86
		Release|x64 = Release|x64
		Release|x86 = Release|x86
	EndGlobalSection
	GlobalSection(ProjectConfigurationPlatforms) = postSolution
		{FAC66036-FE46-4C7D-94C5-0CDC82E206EF}.Debug|x64.ActiveCfg = Debug|x64
		{FAC66036-FE46-4C7D-94C5-0CDC82E206EF}.Debug|x64.Build.0 = Debug|x64
		{FAC66036-FE46-4C7D-94C5-0CDC82E206EF}.Debug|x86.ActiveCfg = Debug|Win32
		{FAC66036-FE46-4C7D-94C5-0CDC82E206EF}.Debug|x86.Build.0 = Debug|Win32
		{FAC66036-FE46-4C7D-94C5-0CDC82E206EF}.Release|x64.ActiveCfg = Release|x64
		{FAC66036-FE46-4C7D-94C5-0CDC82E206EF}.Release|x64.Build.0 = Release|x64
		{FAC66036-FE46-4C7D-94C5-0CDC82E206EF}.Release|x86.ActiveCfg = Release|Win32
		{FAC66036-FE46-4C7D-94C5-0CDC82E206EF}.Release|x86.Build.0 = Release|Win32
	EndGlobalSection
	GlobalSection(SolutionProperties) = preSolution
		HideSolutionNode = FALSE
	EndGlobalSection
	GlobalSection(ExtensibilityGlobals) = postSolution
		SolutionGuid = {48AD0C02-AA42-4212-9DB1-B5E0A9CC59BA}
	EndGlobalSection
EndGlobal
